
Microsoft Visual Studio Solution File, Format Version 12.00
# Visual Studio Version 16
VisualStudioVersion = 16.0.31025.194
MinimumVisualStudioVersion = 10.0.40219.1
Project("{FAE04EC0-301F-11D3-BF4B-00C04F79EFBC}") = "Microsoft.StoreServices", "Microsoft.StoreServices\Microsoft.StoreServices.csproj", "{05FBB1E5-767C-4472-9BAA-4863F0115730}"
EndProject
Global
	GlobalSection(SolutionConfigurationPlatforms) = preSolution
		Debug|Any CPU = Debug|Any CPU
		Release|Any CPU = Release|Any CPU
	EndGlobalSection
	GlobalSection(ProjectConfigurationPlatforms) = postSolution
		{05FBB1E5-767C-4472-9BAA-4863F0115730}.Debug|Any CPU.ActiveCfg = Debug|Any CPU
		{05FBB1E5-767C-4472-9BAA-4863F0115730}.Debug|Any CPU.Build.0 = Debug|Any CPU
		{05FBB1E5-767C-4472-9BAA-4863F0115730}.Release|Any CPU.ActiveCfg = Release|Any CPU
		{05FBB1E5-767C-4472-9BAA-4863F0115730}.Release|Any CPU.Build.0 = Release|Any CPU
	EndGlobalSection
	GlobalSection(SolutionProperties) = preSolution
		HideSolutionNode = FALSE
	EndGlobalSection
	GlobalSection(ExtensibilityGlobals) = postSolution
		SolutionGuid = {87D83AD4-5CE2-40C7-8C36-693F7335AD60}
	EndGlobalSection
EndGlobal
